
Microsoft Visual Studio Solution File, Format Version 12.00
# Visual Studio Version 17
VisualStudioVersion = 17.4.33213.308
MinimumVisualStudioVersion = 10.0.40219.1
Project("{FAE04EC0-301F-11D3-BF4B-00C04F79EFBC}") = "ShopApp", "ShopApp\ShopApp.csproj", "{18D0534F-1655-4044-A778-7CF9CE7DFE2B}"
EndProject
Global
	GlobalSection(SolutionConfigurationPlatforms) = preSolution
		Debug|Any CPU = Debug|Any CPU
		Release|Any CPU = Release|Any CPU
	EndGlobalSection
	GlobalSection(ProjectConfigurationPlatforms) = postSolution
		{18D0534F-1655-4044-A778-7CF9CE7DFE2B}.Debug|Any CPU.ActiveCfg = Debug|Any CPU
		{18D0534F-1655-4044-A778-7CF9CE7DFE2B}.Debug|Any CPU.Build.0 = Debug|Any CPU
		{18D0534F-1655-4044-A778-7CF9CE7DFE2B}.Release|Any CPU.ActiveCfg = Release|Any CPU
		{18D0534F-1655-4044-A778-7CF9CE7DFE2B}.Release|Any CPU.Build.0 = Release|Any CPU
	EndGlobalSection
	GlobalSection(SolutionProperties) = preSolution
		HideSolutionNode = FALSE
	EndGlobalSection
	GlobalSection(ExtensibilityGlobals) = postSolution
		SolutionGuid = {CF5668D2-5482-4D7B-B7E0-412EA5E4D64B}
	EndGlobalSection
EndGlobal
